
Microsoft Visual Studio Solution File, Format Version 12.00
# Visual Studio Version 17
VisualStudioVersion = 17.8.34525.116
MinimumVisualStudioVersion = 10.0.40219.1
Project("{9A19103F-16F7-4668-BE54-9A1E7A4F7556}") = "ApiGateway", "ApiGateway\ApiGateway.csproj", "{2E80ABE1-711B-4EA2-8F8D-85FB84A86C77}"
EndProject
Project("{2150E333-8FDC-42A3-9474-1A3956D46DE8}") = "Src_Solution", "Src_Solution", "{60DE13E5-A9C3-4C46-9D63-E09A93E99ABE}"
EndProject
Project("{2150E333-8FDC-42A3-9474-1A3956D46DE8}") = "Domain_Layer", "Domain_Layer", "{FEC82FA8-3E71-4E7E-B74D-8BE57A0DC81B}"
EndProject
Project("{2150E333-8FDC-42A3-9474-1A3956D46DE8}") = "Application_Layer", "Application_Layer", "{0D49A88E-3D11-4138-9318-8294CC71A3BC}"
EndProject
Project("{2150E333-8FDC-42A3-9474-1A3956D46DE8}") = "Infrastructure_Layer", "Infrastructure_Layer", "{1F715F7D-862B-4597-8D16-EFAF9E25DF95}"
EndProject
Project("{9A19103F-16F7-4668-BE54-9A1E7A4F7556}") = "Application", "Application\Application.csproj", "{50935F60-FC5F-4CEB-8EDB-1540DD3CBF46}"
EndProject
Project("{9A19103F-16F7-4668-BE54-9A1E7A4F7556}") = "Domain", "Domain\Domain.csproj", "{2ADC1D48-0402-430B-AE60-9E9329E0FD28}"
EndProject
Project("{9A19103F-16F7-4668-BE54-9A1E7A4F7556}") = "InfraStructure", "InfraStructure\InfraStructure.csproj", "{2BBF931F-ACBD-4606-A2EF-A1EB07A8385E}"
EndProject
Project("{2150E333-8FDC-42A3-9474-1A3956D46DE8}") = "WebAPI_Layer", "WebAPI_Layer", "{31A526ED-4817-4F36-921D-EA8BCE1D56E7}"
EndProject
Project("{FAE04EC0-301F-11D3-BF4B-00C04F79EFBC}") = "WebAPI", "WebAPI\WebAPI.csproj", "{8018BBA6-4245-4C0C-8E81-72F37898B837}"
EndProject
Global
	GlobalSection(SolutionConfigurationPlatforms) = preSolution
		Debug|Any CPU = Debug|Any CPU
		Release|Any CPU = Release|Any CPU
	EndGlobalSection
	GlobalSection(ProjectConfigurationPlatforms) = postSolution
		{2E80ABE1-711B-4EA2-8F8D-85FB84A86C77}.Debug|Any CPU.ActiveCfg = Debug|Any CPU
		{2E80ABE1-711B-4EA2-8F8D-85FB84A86C77}.Debug|Any CPU.Build.0 = Debug|Any CPU
		{2E80ABE1-711B-4EA2-8F8D-85FB84A86C77}.Release|Any CPU.ActiveCfg = Release|Any CPU
		{2E80ABE1-711B-4EA2-8F8D-85FB84A86C77}.Release|Any CPU.Build.0 = Release|Any CPU
		{50935F60-FC5F-4CEB-8EDB-1540DD3CBF46}.Debug|Any CPU.ActiveCfg = Debug|Any CPU
		{50935F60-FC5F-4CEB-8EDB-1540DD3CBF46}.Debug|Any CPU.Build.0 = Debug|Any CPU
		{50935F60-FC5F-4CEB-8EDB-1540DD3CBF46}.Release|Any CPU.ActiveCfg = Release|Any CPU
		{50935F60-FC5F-4CEB-8EDB-1540DD3CBF46}.Release|Any CPU.Build.0 = Release|Any CPU
		{2ADC1D48-0402-430B-AE60-9E9329E0FD28}.Debug|Any CPU.ActiveCfg = Debug|Any CPU
		{2ADC1D48-0402-430B-AE60-9E9329E0FD28}.Debug|Any CPU.Build.0 = Debug|Any CPU
		{2ADC1D48-0402-430B-AE60-9E9329E0FD28}.Release|Any CPU.ActiveCfg = Release|Any CPU
		{2ADC1D48-0402-430B-AE60-9E9329E0FD28}.Release|Any CPU.Build.0 = Release|Any CPU
		{2BBF931F-ACBD-4606-A2EF-A1EB07A8385E}.Debug|Any CPU.ActiveCfg = Debug|Any CPU
		{2BBF931F-ACBD-4606-A2EF-A1EB07A8385E}.Debug|Any CPU.Build.0 = Debug|Any CPU
		{2BBF931F-ACBD-4606-A2EF-A1EB07A8385E}.Release|Any CPU.ActiveCfg = Release|Any CPU
		{2BBF931F-ACBD-4606-A2EF-A1EB07A8385E}.Release|Any CPU.Build.0 = Release|Any CPU
		{8018BBA6-4245-4C0C-8E81-72F37898B837}.Debug|Any CPU.ActiveCfg = Debug|Any CPU
		{8018BBA6-4245-4C0C-8E81-72F37898B837}.Debug|Any CPU.Build.0 = Debug|Any CPU
		{8018BBA6-4245-4C0C-8E81-72F37898B837}.Release|Any CPU.ActiveCfg = Release|Any CPU
		{8018BBA6-4245-4C0C-8E81-72F37898B837}.Release|Any CPU.Build.0 = Release|Any CPU
	EndGlobalSection
	GlobalSection(SolutionProperties) = preSolution
		HideSolutionNode = FALSE
	EndGlobalSection
	GlobalSection(NestedProjects) = preSolution
		{FEC82FA8-3E71-4E7E-B74D-8BE57A0DC81B} = {60DE13E5-A9C3-4C46-9D63-E09A93E99ABE}
		{0D49A88E-3D11-4138-9318-8294CC71A3BC} = {60DE13E5-A9C3-4C46-9D63-E09A93E99ABE}
		{1F715F7D-862B-4597-8D16-EFAF9E25DF95} = {60DE13E5-A9C3-4C46-9D63-E09A93E99ABE}
		{50935F60-FC5F-4CEB-8EDB-1540DD3CBF46} = {0D49A88E-3D11-4138-9318-8294CC71A3BC}
		{2ADC1D48-0402-430B-AE60-9E9329E0FD28} = {FEC82FA8-3E71-4E7E-B74D-8BE57A0DC81B}
		{2BBF931F-ACBD-4606-A2EF-A1EB07A8385E} = {1F715F7D-862B-4597-8D16-EFAF9E25DF95}
		{31A526ED-4817-4F36-921D-EA8BCE1D56E7} = {60DE13E5-A9C3-4C46-9D63-E09A93E99ABE}
		{8018BBA6-4245-4C0C-8E81-72F37898B837} = {31A526ED-4817-4F36-921D-EA8BCE1D56E7}
	EndGlobalSection
	GlobalSection(ExtensibilityGlobals) = postSolution
		SolutionGuid = {66712B4A-5CFD-49F0-B2DE-4E63C500F1AA}
	EndGlobalSection
EndGlobal
