
Microsoft Visual Studio Solution File, Format Version 12.00
# Visual Studio Version 17
VisualStudioVersion = 17.8.34525.116
MinimumVisualStudioVersion = 10.0.40219.1
Project("{9A19103F-16F7-4668-BE54-9A1E7A4F7556}") = "ApiGateway", "ApiGateway\ApiGateway.csproj", "{2E80ABE1-711B-4EA2-8F8D-85FB84A86C77}"
EndProject
Project("{2150E333-8FDC-42A3-9474-1A3956D46DE8}") = "ApisGateWay", "ApisGateWay", "{A15C62A6-8FDA-4331-91A2-5FABCD2ADCFD}"
EndProject
Project("{2150E333-8FDC-42A3-9474-1A3956D46DE8}") = "FedExRegistration", "FedExRegistration", "{9F3359C2-1566-42ED-8C16-39FF22E9FE38}"
EndProject
Project("{9A19103F-16F7-4668-BE54-9A1E7A4F7556}") = "Registration.Api", "Registration.Api\Registration.Api.csproj", "{A0134606-9298-4355-9795-64B2DFAE3DC5}"
EndProject
Project("{9A19103F-16F7-4668-BE54-9A1E7A4F7556}") = "Registration.Domain", "Registration.Domain\Registration.Domain.csproj", "{8476B82A-0D8A-451A-8791-1DFF709358DC}"
EndProject
Project("{9A19103F-16F7-4668-BE54-9A1E7A4F7556}") = "Registration.Application", "Registration.Application\Registration.Application.csproj", "{D27791D7-6E2E-4525-A7E0-32C54F7C8E49}"
EndProject
Project("{9A19103F-16F7-4668-BE54-9A1E7A4F7556}") = "Registration.Infrastructure", "Registration.Infrastructure\Registration.Infrastructure.csproj", "{1F4C0E1A-B8F7-4302-8F33-0576E69E2237}"
EndProject
Project("{2150E333-8FDC-42A3-9474-1A3956D46DE8}") = "TrackShipment", "TrackShipment", "{C2ECC18B-78BF-4B11-8943-70551630BDDC}"
EndProject
Project("{9A19103F-16F7-4668-BE54-9A1E7A4F7556}") = "TrackShip.Api", "TrackShip.Api\TrackShip.Api.csproj", "{CC114026-2B4F-47DC-852F-2442341A87BF}"
EndProject
Project("{9A19103F-16F7-4668-BE54-9A1E7A4F7556}") = "TrackShip.Domain", "TrackShip.Domain\TrackShip.Domain.csproj", "{B4EAF09F-2B39-4D32-A523-1794D5D040E1}"
EndProject
Project("{9A19103F-16F7-4668-BE54-9A1E7A4F7556}") = "TrackShip.Application", "TrackShip.Application\TrackShip.Application.csproj", "{A8890922-7189-4F46-B568-3ADAA8812DCF}"
EndProject
Project("{9A19103F-16F7-4668-BE54-9A1E7A4F7556}") = "TrackShip.Infrastructure", "TrackShip.Infrastructure\TrackShip.Infrastructure.csproj", "{D2CB586E-952D-4EAE-870F-7F3EBC91C96C}"
EndProject
Project("{2150E333-8FDC-42A3-9474-1A3956D46DE8}") = "Auth", "Auth", "{9C022617-3963-47E1-A4E3-D30086E57FD8}"
EndProject
Project("{9A19103F-16F7-4668-BE54-9A1E7A4F7556}") = "Auth.Api", "Auth.Api\Auth.Api.csproj", "{DE01DA52-29A2-4E89-AAD5-850C046077FB}"
EndProject
Project("{9A19103F-16F7-4668-BE54-9A1E7A4F7556}") = "Auth.Application", "Auth.Application\Auth.Application.csproj", "{8AB043CE-4F19-4FB2-8E80-E3CD948BF677}"
EndProject
Project("{9A19103F-16F7-4668-BE54-9A1E7A4F7556}") = "Auth.Domain", "Auth.Domain\Auth.Domain.csproj", "{528D72A4-C6BE-4E2B-B44E-0972E021FDAD}"
EndProject
Project("{9A19103F-16F7-4668-BE54-9A1E7A4F7556}") = "Auth.Infrastructure", "Auth.Infrastructure\Auth.Infrastructure.csproj", "{B01129F4-8A32-4FE0-8ED8-3E2DFA7058FE}"
EndProject
Project("{2150E333-8FDC-42A3-9474-1A3956D46DE8}") = "FedexRates", "FedexRates", "{F0861044-D508-48C1-BC3F-1CAD9258957D}"
EndProject
Project("{FAE04EC0-301F-11D3-BF4B-00C04F79EFBC}") = "Fedex.Domain", "Fedex.Domain\Fedex.Domain.csproj", "{FA93AA2B-5D01-4729-9968-7BBBB014BA78}"
EndProject
Project("{FAE04EC0-301F-11D3-BF4B-00C04F79EFBC}") = "Fedex.Application", "Fedex.Application\Fedex.Application.csproj", "{3575D2FC-2B0E-4CFB-AE88-BA998A3447DC}"
EndProject
Project("{FAE04EC0-301F-11D3-BF4B-00C04F79EFBC}") = "Fedex.Infrastructure", "Fedex.Infrastructure\Fedex.Infrastructure.csproj", "{65DAF0DC-9EA1-4E15-A8B5-DE5ABC892BF9}"
EndProject
Project("{FAE04EC0-301F-11D3-BF4B-00C04F79EFBC}") = "Fedex.Api", "Fedex.Api\Fedex.Api.csproj", "{F1C2DB72-DCFA-4E11-B699-DB878F6104CE}"
EndProject
Global
	GlobalSection(SolutionConfigurationPlatforms) = preSolution
		Debug|Any CPU = Debug|Any CPU
		Release|Any CPU = Release|Any CPU
	EndGlobalSection
	GlobalSection(ProjectConfigurationPlatforms) = postSolution
		{2E80ABE1-711B-4EA2-8F8D-85FB84A86C77}.Debug|Any CPU.ActiveCfg = Debug|Any CPU
		{2E80ABE1-711B-4EA2-8F8D-85FB84A86C77}.Debug|Any CPU.Build.0 = Debug|Any CPU
		{2E80ABE1-711B-4EA2-8F8D-85FB84A86C77}.Release|Any CPU.ActiveCfg = Release|Any CPU
		{2E80ABE1-711B-4EA2-8F8D-85FB84A86C77}.Release|Any CPU.Build.0 = Release|Any CPU
		{A0134606-9298-4355-9795-64B2DFAE3DC5}.Debug|Any CPU.ActiveCfg = Debug|Any CPU
		{A0134606-9298-4355-9795-64B2DFAE3DC5}.Debug|Any CPU.Build.0 = Debug|Any CPU
		{A0134606-9298-4355-9795-64B2DFAE3DC5}.Release|Any CPU.ActiveCfg = Release|Any CPU
		{A0134606-9298-4355-9795-64B2DFAE3DC5}.Release|Any CPU.Build.0 = Release|Any CPU
		{8476B82A-0D8A-451A-8791-1DFF709358DC}.Debug|Any CPU.ActiveCfg = Debug|Any CPU
		{8476B82A-0D8A-451A-8791-1DFF709358DC}.Debug|Any CPU.Build.0 = Debug|Any CPU
		{8476B82A-0D8A-451A-8791-1DFF709358DC}.Release|Any CPU.ActiveCfg = Release|Any CPU
		{8476B82A-0D8A-451A-8791-1DFF709358DC}.Release|Any CPU.Build.0 = Release|Any CPU
		{D27791D7-6E2E-4525-A7E0-32C54F7C8E49}.Debug|Any CPU.ActiveCfg = Debug|Any CPU
		{D27791D7-6E2E-4525-A7E0-32C54F7C8E49}.Debug|Any CPU.Build.0 = Debug|Any CPU
		{D27791D7-6E2E-4525-A7E0-32C54F7C8E49}.Release|Any CPU.ActiveCfg = Release|Any CPU
		{D27791D7-6E2E-4525-A7E0-32C54F7C8E49}.Release|Any CPU.Build.0 = Release|Any CPU
		{1F4C0E1A-B8F7-4302-8F33-0576E69E2237}.Debug|Any CPU.ActiveCfg = Debug|Any CPU
		{1F4C0E1A-B8F7-4302-8F33-0576E69E2237}.Debug|Any CPU.Build.0 = Debug|Any CPU
		{1F4C0E1A-B8F7-4302-8F33-0576E69E2237}.Release|Any CPU.ActiveCfg = Release|Any CPU
		{1F4C0E1A-B8F7-4302-8F33-0576E69E2237}.Release|Any CPU.Build.0 = Release|Any CPU
		{CC114026-2B4F-47DC-852F-2442341A87BF}.Debug|Any CPU.ActiveCfg = Debug|Any CPU
		{CC114026-2B4F-47DC-852F-2442341A87BF}.Debug|Any CPU.Build.0 = Debug|Any CPU
		{CC114026-2B4F-47DC-852F-2442341A87BF}.Release|Any CPU.ActiveCfg = Release|Any CPU
		{CC114026-2B4F-47DC-852F-2442341A87BF}.Release|Any CPU.Build.0 = Release|Any CPU
		{B4EAF09F-2B39-4D32-A523-1794D5D040E1}.Debug|Any CPU.ActiveCfg = Debug|Any CPU
		{B4EAF09F-2B39-4D32-A523-1794D5D040E1}.Debug|Any CPU.Build.0 = Debug|Any CPU
		{B4EAF09F-2B39-4D32-A523-1794D5D040E1}.Release|Any CPU.ActiveCfg = Release|Any CPU
		{B4EAF09F-2B39-4D32-A523-1794D5D040E1}.Release|Any CPU.Build.0 = Release|Any CPU
		{A8890922-7189-4F46-B568-3ADAA8812DCF}.Debug|Any CPU.ActiveCfg = Debug|Any CPU
		{A8890922-7189-4F46-B568-3ADAA8812DCF}.Debug|Any CPU.Build.0 = Debug|Any CPU
		{A8890922-7189-4F46-B568-3ADAA8812DCF}.Release|Any CPU.ActiveCfg = Release|Any CPU
		{A8890922-7189-4F46-B568-3ADAA8812DCF}.Release|Any CPU.Build.0 = Release|Any CPU
		{D2CB586E-952D-4EAE-870F-7F3EBC91C96C}.Debug|Any CPU.ActiveCfg = Debug|Any CPU
		{D2CB586E-952D-4EAE-870F-7F3EBC91C96C}.Debug|Any CPU.Build.0 = Debug|Any CPU
		{D2CB586E-952D-4EAE-870F-7F3EBC91C96C}.Release|Any CPU.ActiveCfg = Release|Any CPU
		{D2CB586E-952D-4EAE-870F-7F3EBC91C96C}.Release|Any CPU.Build.0 = Release|Any CPU
		{DE01DA52-29A2-4E89-AAD5-850C046077FB}.Debug|Any CPU.ActiveCfg = Debug|Any CPU
		{DE01DA52-29A2-4E89-AAD5-850C046077FB}.Debug|Any CPU.Build.0 = Debug|Any CPU
		{DE01DA52-29A2-4E89-AAD5-850C046077FB}.Release|Any CPU.ActiveCfg = Release|Any CPU
		{DE01DA52-29A2-4E89-AAD5-850C046077FB}.Release|Any CPU.Build.0 = Release|Any CPU
		{8AB043CE-4F19-4FB2-8E80-E3CD948BF677}.Debug|Any CPU.ActiveCfg = Debug|Any CPU
		{8AB043CE-4F19-4FB2-8E80-E3CD948BF677}.Debug|Any CPU.Build.0 = Debug|Any CPU
		{8AB043CE-4F19-4FB2-8E80-E3CD948BF677}.Release|Any CPU.ActiveCfg = Release|Any CPU
		{8AB043CE-4F19-4FB2-8E80-E3CD948BF677}.Release|Any CPU.Build.0 = Release|Any CPU
		{528D72A4-C6BE-4E2B-B44E-0972E021FDAD}.Debug|Any CPU.ActiveCfg = Debug|Any CPU
		{528D72A4-C6BE-4E2B-B44E-0972E021FDAD}.Debug|Any CPU.Build.0 = Debug|Any CPU
		{528D72A4-C6BE-4E2B-B44E-0972E021FDAD}.Release|Any CPU.ActiveCfg = Release|Any CPU
		{528D72A4-C6BE-4E2B-B44E-0972E021FDAD}.Release|Any CPU.Build.0 = Release|Any CPU
		{B01129F4-8A32-4FE0-8ED8-3E2DFA7058FE}.Debug|Any CPU.ActiveCfg = Debug|Any CPU
		{B01129F4-8A32-4FE0-8ED8-3E2DFA7058FE}.Debug|Any CPU.Build.0 = Debug|Any CPU
		{B01129F4-8A32-4FE0-8ED8-3E2DFA7058FE}.Release|Any CPU.ActiveCfg = Release|Any CPU
		{B01129F4-8A32-4FE0-8ED8-3E2DFA7058FE}.Release|Any CPU.Build.0 = Release|Any CPU
		{FA93AA2B-5D01-4729-9968-7BBBB014BA78}.Debug|Any CPU.ActiveCfg = Debug|Any CPU
		{FA93AA2B-5D01-4729-9968-7BBBB014BA78}.Debug|Any CPU.Build.0 = Debug|Any CPU
		{FA93AA2B-5D01-4729-9968-7BBBB014BA78}.Release|Any CPU.ActiveCfg = Release|Any CPU
		{FA93AA2B-5D01-4729-9968-7BBBB014BA78}.Release|Any CPU.Build.0 = Release|Any CPU
		{3575D2FC-2B0E-4CFB-AE88-BA998A3447DC}.Debug|Any CPU.ActiveCfg = Debug|Any CPU
		{3575D2FC-2B0E-4CFB-AE88-BA998A3447DC}.Debug|Any CPU.Build.0 = Debug|Any CPU
		{3575D2FC-2B0E-4CFB-AE88-BA998A3447DC}.Release|Any CPU.ActiveCfg = Release|Any CPU
		{3575D2FC-2B0E-4CFB-AE88-BA998A3447DC}.Release|Any CPU.Build.0 = Release|Any CPU
		{65DAF0DC-9EA1-4E15-A8B5-DE5ABC892BF9}.Debug|Any CPU.ActiveCfg = Debug|Any CPU
		{65DAF0DC-9EA1-4E15-A8B5-DE5ABC892BF9}.Debug|Any CPU.Build.0 = Debug|Any CPU
		{65DAF0DC-9EA1-4E15-A8B5-DE5ABC892BF9}.Release|Any CPU.ActiveCfg = Release|Any CPU
		{65DAF0DC-9EA1-4E15-A8B5-DE5ABC892BF9}.Release|Any CPU.Build.0 = Release|Any CPU
		{F1C2DB72-DCFA-4E11-B699-DB878F6104CE}.Debug|Any CPU.ActiveCfg = Debug|Any CPU
		{F1C2DB72-DCFA-4E11-B699-DB878F6104CE}.Debug|Any CPU.Build.0 = Debug|Any CPU
		{F1C2DB72-DCFA-4E11-B699-DB878F6104CE}.Release|Any CPU.ActiveCfg = Release|Any CPU
		{F1C2DB72-DCFA-4E11-B699-DB878F6104CE}.Release|Any CPU.Build.0 = Release|Any CPU
	EndGlobalSection
	GlobalSection(SolutionProperties) = preSolution
		HideSolutionNode = FALSE
	EndGlobalSection
	GlobalSection(NestedProjects) = preSolution
		{2E80ABE1-711B-4EA2-8F8D-85FB84A86C77} = {A15C62A6-8FDA-4331-91A2-5FABCD2ADCFD}
		{A0134606-9298-4355-9795-64B2DFAE3DC5} = {9F3359C2-1566-42ED-8C16-39FF22E9FE38}
		{8476B82A-0D8A-451A-8791-1DFF709358DC} = {9F3359C2-1566-42ED-8C16-39FF22E9FE38}
		{D27791D7-6E2E-4525-A7E0-32C54F7C8E49} = {9F3359C2-1566-42ED-8C16-39FF22E9FE38}
		{1F4C0E1A-B8F7-4302-8F33-0576E69E2237} = {9F3359C2-1566-42ED-8C16-39FF22E9FE38}
		{CC114026-2B4F-47DC-852F-2442341A87BF} = {C2ECC18B-78BF-4B11-8943-70551630BDDC}
		{B4EAF09F-2B39-4D32-A523-1794D5D040E1} = {C2ECC18B-78BF-4B11-8943-70551630BDDC}
		{A8890922-7189-4F46-B568-3ADAA8812DCF} = {C2ECC18B-78BF-4B11-8943-70551630BDDC}
		{D2CB586E-952D-4EAE-870F-7F3EBC91C96C} = {C2ECC18B-78BF-4B11-8943-70551630BDDC}
		{DE01DA52-29A2-4E89-AAD5-850C046077FB} = {9C022617-3963-47E1-A4E3-D30086E57FD8}
		{8AB043CE-4F19-4FB2-8E80-E3CD948BF677} = {9C022617-3963-47E1-A4E3-D30086E57FD8}
		{528D72A4-C6BE-4E2B-B44E-0972E021FDAD} = {9C022617-3963-47E1-A4E3-D30086E57FD8}
		{B01129F4-8A32-4FE0-8ED8-3E2DFA7058FE} = {9C022617-3963-47E1-A4E3-D30086E57FD8}
		{FA93AA2B-5D01-4729-9968-7BBBB014BA78} = {F0861044-D508-48C1-BC3F-1CAD9258957D}
		{3575D2FC-2B0E-4CFB-AE88-BA998A3447DC} = {F0861044-D508-48C1-BC3F-1CAD9258957D}
		{65DAF0DC-9EA1-4E15-A8B5-DE5ABC892BF9} = {F0861044-D508-48C1-BC3F-1CAD9258957D}
		{F1C2DB72-DCFA-4E11-B699-DB878F6104CE} = {F0861044-D508-48C1-BC3F-1CAD9258957D}
	EndGlobalSection
	GlobalSection(ExtensibilityGlobals) = postSolution
		SolutionGuid = {66712B4A-5CFD-49F0-B2DE-4E63C500F1AA}
	EndGlobalSection
EndGlobal
