
Microsoft Visual Studio Solution File, Format Version 12.00
# Visual Studio Version 17
VisualStudioVersion = 17.8.34525.116
MinimumVisualStudioVersion = 10.0.40219.1
Project("{FAE04EC0-301F-11D3-BF4B-00C04F79EFBC}") = "ApiGateway", "ApiGateway\ApiGateway.csproj", "{2E80ABE1-711B-4EA2-8F8D-85FB84A86C77}"
EndProject
Global
	GlobalSection(SolutionConfigurationPlatforms) = preSolution
		Debug|Any CPU = Debug|Any CPU
		Release|Any CPU = Release|Any CPU
	EndGlobalSection
	GlobalSection(ProjectConfigurationPlatforms) = postSolution
		{2E80ABE1-711B-4EA2-8F8D-85FB84A86C77}.Debug|Any CPU.ActiveCfg = Debug|Any CPU
		{2E80ABE1-711B-4EA2-8F8D-85FB84A86C77}.Debug|Any CPU.Build.0 = Debug|Any CPU
		{2E80ABE1-711B-4EA2-8F8D-85FB84A86C77}.Release|Any CPU.ActiveCfg = Release|Any CPU
		{2E80ABE1-711B-4EA2-8F8D-85FB84A86C77}.Release|Any CPU.Build.0 = Release|Any CPU
	EndGlobalSection
	GlobalSection(SolutionProperties) = preSolution
		HideSolutionNode = FALSE
	EndGlobalSection
	GlobalSection(ExtensibilityGlobals) = postSolution
		SolutionGuid = {66712B4A-5CFD-49F0-B2DE-4E63C500F1AA}
	EndGlobalSection
EndGlobal
